
Microsoft Visual Studio Solution File, Format Version 12.00
# Visual Studio 15
Project("{FAE04EC0-301F-11D3-BF4B-00C04F79EFBC}") = "transport.ly", "transport.ly.csproj", "{1B19ED67-BE47-4917-82B0-F2D32D81B71F}"
EndProject
Global
	GlobalSection(SolutionConfigurationPlatforms) = preSolution
		Debug|Any CPU = Debug|Any CPU
		Release|Any CPU = Release|Any CPU
	EndGlobalSection
	GlobalSection(ProjectConfigurationPlatforms) = postSolution
		{1B19ED67-BE47-4917-82B0-F2D32D81B71F}.Debug|Any CPU.ActiveCfg = Debug|Any CPU
		{1B19ED67-BE47-4917-82B0-F2D32D81B71F}.Debug|Any CPU.Build.0 = Debug|Any CPU
		{1B19ED67-BE47-4917-82B0-F2D32D81B71F}.Release|Any CPU.ActiveCfg = Release|Any CPU
		{1B19ED67-BE47-4917-82B0-F2D32D81B71F}.Release|Any CPU.Build.0 = Release|Any CPU
	EndGlobalSection
EndGlobal
